[aibox]
cli_version = "0.26.5"
synced_at = "2026-05-15T19:05:18.974414+00:00"

[processkit]
source = "https://github.com/projectious-work/processkit.git"
version = "v0.26.13"
src_path = "src"
release_asset_sha256 = "340b47f22ff404ce88b2effced02e03b88172d766b3b3721670a7a9ce89a445c"
installed_at = "2026-05-15T19:05:18.974414+00:00"
processkit_install_hash = "v2:3bee82f74ca2212b29240b9f5bcd139bdc864ed84b841ce0f25eb3da44e4dc22"

[addons]
resolved_at = "2026-05-15T19:09:00Z"

[addons.tools]

[addons.previous_selection]
docs-docusaurus = ["docusaurus"]
node = [
    "node",
    "pnpm",
]
preview-archive = ["p7zip"]
preview-enhanced = ["rich"]
python = [
    "python",
    "uv",
]

[runtime_home]
generated_at = "2026-05-15T19:10:51.238091+00:00"

[runtime_home.files]
".asoundrc" = "f34609b11d315cd613cb5333b561032baec860faf4a7eccb28b5567ae72019af"
".claude.json" = "ca3d163bab055381827226140568f3bef7eaac187cebd76878e0b63e9e442356"
".claude/keybindings.json" = "187a3f75b831cbec4b025eecd23f06e76a77f46d6f47e4e730ef341f0d1db21c"
".config/aibox/theme-env.sh" = "eaeaadeafcf4caf20ad2177b2193d7b1a95575e4a04bfc8b665a7a0695db8ec1"
".config/cheatsheet.txt" = "2cccd6002a90d8539c187ea412f59a654c2622017519f868887668897985c32c"
".config/git/config" = "9bd2cf34dd165c483e983ba546ba95fe709d203ad0e8e50d3423b59a023cded8"
".config/lnav/config.json" = "5ff30db2fce0d3e56843dd771f1c48ffbbc6a586ea22aa5f97360b59906c10c7"
".config/lnav/formats/aibox/aibox.json" = "10e1af791380119ecd6860f8d31becb183a26b01868d9b20b2e277177e17c660"
".config/starship.toml" = "5cf4bd9d6cc58c6a57c6223be670a9e26a01ed38ed442b18c05ea6291d36fbcc"
".config/tmux/aibox-powerkit-overrides.tmux" = "7fbea01b4cfd46b9388d5b2524529c62d8237186b0e6a5de69bdafe6b00c8059"
".config/tmux/aibox-powerkit-theme.sh" = "0f4537631a32a580743824923e74288052bb6d73e9ac806e9b74eb14c409065e"
".config/tmux/aibox-session.sh" = "dba0a833b1e17fd5691ce73eea0aec73a4f180cd306249b3bf845711c0ef6173"
".config/tmux/layouts/ai.sh" = "787f6cdc64ebcf9695956848f6d84ccd5aa30f3a8fff69045845e91897e5df69"
".config/tmux/layouts/cowork.sh" = "f4b53db1c86e99fdd120170f485815d7e1d40df2aeae6be8104788838d126212"
".config/tmux/layouts/dev.sh" = "1833e6bfd4c76f2ceb58e01c89462e99d818b5f955bdc7093f3242952c4d11a9"
".config/tmux/layouts/focus.sh" = "53c0224146269cdbf7cc7e4979c48c903472f766a2fccb97de8422426f2b2533"
".config/tmux/tmux.conf" = "5b3bce1acc29dc32c93f429f55a3e3438c68f58dea3a1475d97a53360f2fa7ec"
".config/yazi/init.lua" = "eae04462c0b3bcbb486ee59aa9c2c9e9595680a0626997c942e5abb2ae5a48d7"
".config/yazi/keymap.toml" = "0b20be4e5f58d0af2ba72b8621e288ef2d6a7665a8a73c5fca5a172f83c6ebdd"
".config/yazi/plugins/dir-preview.yazi/main.lua" = "1700f0400a0a8362d895d247b27bfae2478c1e76385d4b076846a6a7c16c74f4"
".config/yazi/plugins/eps.yazi/init.lua" = "edeaadeff1411fc9749eeae43c77754fd749db74790591ba75e9286ff36e94c5"
".config/yazi/plugins/git.yazi/main.lua" = "855f6bdf0ee33f503f575c2d75795c98ab1a9893c655940caf333d8fc87dc477"
".config/yazi/plugins/git.yazi/types.lua" = "16c54022dd327c35f533534f0b6995d800965e96d76f2e610b8b2fca0e5b4549"
".config/yazi/plugins/rich-preview.yazi/main.lua" = "06ebdf2c2d637c0d5c68c8516c87b376ea29a94756cd91a8ffef6d2819759077"
".config/yazi/plugins/status-git.yazi/main.lua" = "bedc0ba5bf4ea01605b1b7cb444ee3a09b0a4ba35ce99306d974d5977a4d32d2"
".config/yazi/plugins/svg.yazi/init.lua" = "ba5e7ebbb9870eda80d7be179010494cac3896b4b29fb8f1011809e217ecc278"
".config/yazi/plugins/toggle-pane.yazi/main.lua" = "86b2306f6c9d880f0a6f777bdefb451393eb6a0c88718be355ebe31495e59f1c"
".config/yazi/theme.toml" = "2a825c08d3cb6a2c0a9be59397e67f17f7d03b605b7decf6233ba46cf84d7604"
".config/yazi/yazi.toml" = "2df8fa293ea293415dc4f3eefd3120f741ddbbcbf4cff4d59353acdbc192ed61"
".inputrc" = "3763b3a9d37f05ca7c035579bc5419b664c3b33c5ce9a0c4ce5d00fbe75ec237"
".local/bin/aibox-copy" = "6dd491292c3c0f86b862112b7e2029cee02d2c79bbc95aef1fc037311a014402"
".local/bin/aibox-powerkit-render-list" = "ee3bdd9285a195e14577176363b812ddf9e80570a7be30e463333817bb15d20f"
".local/bin/aibox-powerkit-render-session" = "748d63a89f81b8571a7e78ec82643053ea5b461efd690514e330295524caad30"
".local/bin/aibox-preview" = "d0d568ae510a3decb743da7458320755f84b5a3627703e601b82701e0fb4413c"
".local/bin/aibox-status-toggle" = "026c6a1dc7f1bcf650aa0bd4f587adfb5de6744df66fc138bef9b435bad1049a"
".local/bin/aibox-tmux-cheatsheet" = "8319f862689cfbdf8143cccb4000379760121a107bba893220a6cd06f2fc41b2"
".local/bin/aibox-tmux-confirm-and-switch" = "a8771bb55db28dc35a7c1cfb742ec60299784b96cd8550e45aaac1cae19446f2"
".local/bin/aibox-tmux-refresh-theme" = "9d356df104e44231733751623fb16731dc7fdb9b08e0c651e31f4098785ea528"
".local/bin/aibox-tmux-switch-layout" = "0bd371bed88078b2a0b40ab5a46039c2638ab667b976fe9570074da800364689"
".local/bin/open-in-editor" = "ec4c0ecf1c4c01582c8b16a1bb2a06f364f3a9a9bab14976c5da17573b047145"
".local/bin/pdf-watch" = "b6becd1df4a32ff27f5c93e514e6d31e5743f9282f40ce7290b8432207d85934"
".vim/colors/aibox.vim" = "7ce7c3088d0fa4c645d8d24a000c06d1e5b3cd027d898b73e4ddbe48aaf7299a"
".vim/vimrc" = "9708b036a886ed2c0248bb6df3ce4b1ab627ad006e8ff41f7f525f864feada9e"

[harnesses]
recorded_at = "2026-05-15T19:09:00Z"
previous_selection = [
    "claude",
    "codex",
]
